{
    "_readme": [
        "This file locks the dependencies of your project to a known state",
        "Read more about it at https://getcomposer.org/doc/01-basic-usage.md#composer-lock-the-lock-file",
        "This file is @generated automatically"
    ],
    "hash": "aa82a0673c3c1a578f0c5bf5ec615c00",
    "content-hash": "ce30fcb41cde30c2a11577788ccccecd",
    "packages": [
        {
            "name": "masterjoa/htmlpurifier-standalone",
            "version": "v4.8.0",
            "source": {
                "type": "git",
                "url": "https://github.com/Masterjoa/HTMLPurifier-standalone.git",
                "reference": "c725cc095a19c5f1d7c04013b00f7fd5766bdb6a"
            },
            "dist": {
                "type": "zip",
                "url": "https://api.github.com/repos/Masterjoa/HTMLPurifier-standalone/zipball/c725cc095a19c5f1d7c04013b00f7fd5766bdb6a",
                "reference": "c725cc095a19c5f1d7c04013b00f7fd5766bdb6a",
                "shasum": ""
            },
            "require": {
                "php": ">=5.2"
            },
            "type": "library",
            "autoload": {
                "psr-0": {
                    "HTMLPurifier": "src/"
                }
            },
            "notification-url": "https://packagist.org/downloads/",
            "license": [
                "LGPL"
            ],
            "authors": [
                {
                    "name": "Edward Z. Yang",
                    "email": "admin@htmlpurifier.org",
                    "homepage": "http://ezyang.com"
                }
            ],
            "description": "Standalone distribution of HTMLPurifier",
            "homepage": "http://htmlpurifier.org/",
            "keywords": [
                "html"
            ],
            "time": "2017-02-03 00:23:13"
        }
    ],
    "packages-dev": [],
    "aliases": [],
    "minimum-stability": "stable",
    "stability-flags": [],
    "prefer-stable": false,
    "prefer-lowest": false,
    "platform": [],
    "platform-dev": []
}
